
Microsoft Visual Studio Solution File, Format Version 12.00
# Visual Studio 2012
Project("{2150E333-8FDC-42A3-9474-1A3956D46DE8}") = "Solution Items", "Solution Items", "{FAB8D17F-EFBE-455D-8255-C0C3E5FEE5DB}"
	ProjectSection(SolutionItems) = preProject
		01-Coercion.html = 01-Coercion.html
		01-Coercion.js = 01-Coercion.js
		02-Objects.html = 02-Objects.html
		02-Objects.js = 02-Objects.js
		03-Constructors.html = 03-Constructors.html
		03-Constructors.js = 03-Constructors.js
		04-StoredCopiedComparedValues.html = 04-StoredCopiedComparedValues.html
		04-StoredCopiedComparedValues.js = 04-StoredCopiedComparedValues.js
		05-Functions.html = 05-Functions.html
		05-Functions.js = 05-Functions.js
		06-Closures.html = 06-Closures.html
		06-Closures.js = 06-Closures.js
		07-Prototypes.html = 07-Prototypes.html
		07-Prototypes.js = 07-Prototypes.js
		08-WritingMaintainableCode.html = 08-WritingMaintainableCode.html
		08-WritingMaintainableCode.js = 08-WritingMaintainableCode.js
		09-SomeLessonsLearnedFromHell.html = 09-SomeLessonsLearnedFromHell.html
		09-SomeLessonsLearnedFromHell.js = 09-SomeLessonsLearnedFromHell.js
	EndProjectSection
EndProject
Global
	GlobalSection(SolutionProperties) = preSolution
		HideSolutionNode = FALSE
	EndGlobalSection
EndGlobal
